{
  "name": "md-links",
  "version": "0.1.0",
  "lockfileVersion": 2,
  "requires": true,
  "packages": {
    "": {
      "name": "md-links",
      "version": "0.1.0",
      "dependencies": {
        "markdown-link-extractor": "^1.2.7",
        "node-fetch": "^2.6.1"
      }
    },
    "node_modules/markdown-link-extractor": {
      "version": "1.2.7",
      "resolved": "https://registry.npmjs.org/markdown-link-extractor/-/markdown-link-extractor-1.2.7.tgz",
      "integrity": "sha512-gFwyqKEMPAwXiW2n7ZeM26bJL9WfkYnzP1O2lxFvqenefzPQE4A5XjidqbotOyDA5qUzjOHeqYoaGa2qb4B4Og==",
      "dependencies": {
        "marked": "^2.0.1"
      }
    },
    "node_modules/marked": {
      "version": "2.0.5",
      "resolved": "https://registry.npmjs.org/marked/-/marked-2.0.5.tgz",
      "integrity": "sha512-yfCEUXmKhBPLOzEC7c+tc4XZdIeTdGoRCZakFMkCxodr7wDXqoapIME4wjcpBPJLNyUnKJ3e8rb8wlAgnLnaDw==",
      "bin": {
        "marked": "bin/marked"
      },
      "engines": {
        "node": ">= 8.16.2"
      }
    },
    "node_modules/node-fetch": {
      "version": "2.6.1",
      "resolved": "https://registry.npmjs.org/node-fetch/-/node-fetch-2.6.1.tgz",
      "integrity": "sha512-V4aYg89jEoVRxRb2fJdAg8FHvI7cEyYdVAh94HH0UIK8oJxUfkjlDQN9RbMx+bEjP7+ggMiFRprSti032Oipxw==",
      "engines": {
        "node": "4.x || >=6.0.0"
      }
    }
  },
  "dependencies": {
    "markdown-link-extractor": {
      "version": "1.2.7",
      "resolved": "https://registry.npmjs.org/markdown-link-extractor/-/markdown-link-extractor-1.2.7.tgz",
      "integrity": "sha512-gFwyqKEMPAwXiW2n7ZeM26bJL9WfkYnzP1O2lxFvqenefzPQE4A5XjidqbotOyDA5qUzjOHeqYoaGa2qb4B4Og==",
      "requires": {
        "marked": "^2.0.1"
      }
    },
    "marked": {
      "version": "2.0.5",
      "resolved": "https://registry.npmjs.org/marked/-/marked-2.0.5.tgz",
      "integrity": "sha512-yfCEUXmKhBPLOzEC7c+tc4XZdIeTdGoRCZakFMkCxodr7wDXqoapIME4wjcpBPJLNyUnKJ3e8rb8wlAgnLnaDw=="
    },
    "node-fetch": {
      "version": "2.6.1",
      "resolved": "https://registry.npmjs.org/node-fetch/-/node-fetch-2.6.1.tgz",
      "integrity": "sha512-V4aYg89jEoVRxRb2fJdAg8FHvI7cEyYdVAh94HH0UIK8oJxUfkjlDQN9RbMx+bEjP7+ggMiFRprSti032Oipxw=="
    }
  }
}
